
Microsoft Visual Studio Solution File, Format Version 12.00
# Visual Studio Version 16
VisualStudioVersion = 16.0.30611.23
MinimumVisualStudioVersion = 10.0.40219.1
Project("{FAE04EC0-301F-11D3-BF4B-00C04F79EFBC}") = "SeleniumAdvancedNov2020.Framework", "SeleniumAdvancedNov2020.Framework\SeleniumAdvancedNov2020.Framework.csproj", "{F21D4D2E-6FE1-4C9D-B7B9-24D5068D4A9B}"
EndProject
Project("{FAE04EC0-301F-11D3-BF4B-00C04F79EFBC}") = "SeleniumAdvancedNov2020.Tests", "SeleniumAdvancedNov2020.Tests\SeleniumAdvancedNov2020.Tests.csproj", "{34DA15B3-7993-4906-A213-8D6FE181A87B}"
EndProject
Global
	GlobalSection(SolutionConfigurationPlatforms) = preSolution
		Debug|Any CPU = Debug|Any CPU
		Release|Any CPU = Release|Any CPU
	EndGlobalSection
	GlobalSection(ProjectConfigurationPlatforms) = postSolution
		{F21D4D2E-6FE1-4C9D-B7B9-24D5068D4A9B}.Debug|Any CPU.ActiveCfg = Debug|Any CPU
		{F21D4D2E-6FE1-4C9D-B7B9-24D5068D4A9B}.Debug|Any CPU.Build.0 = Debug|Any CPU
		{F21D4D2E-6FE1-4C9D-B7B9-24D5068D4A9B}.Release|Any CPU.ActiveCfg = Release|Any CPU
		{F21D4D2E-6FE1-4C9D-B7B9-24D5068D4A9B}.Release|Any CPU.Build.0 = Release|Any CPU
		{34DA15B3-7993-4906-A213-8D6FE181A87B}.Debug|Any CPU.ActiveCfg = Debug|Any CPU
		{34DA15B3-7993-4906-A213-8D6FE181A87B}.Debug|Any CPU.Build.0 = Debug|Any CPU
		{34DA15B3-7993-4906-A213-8D6FE181A87B}.Release|Any CPU.ActiveCfg = Release|Any CPU
		{34DA15B3-7993-4906-A213-8D6FE181A87B}.Release|Any CPU.Build.0 = Release|Any CPU
	EndGlobalSection
	GlobalSection(SolutionProperties) = preSolution
		HideSolutionNode = FALSE
	EndGlobalSection
	GlobalSection(ExtensibilityGlobals) = postSolution
		SolutionGuid = {5AE679A5-E06E-4142-908D-C01165ADE6C7}
	EndGlobalSection
EndGlobal
